
Microsoft Visual Studio Solution File, Format Version 12.00
Project("{FAE04EC0-301F-11D3-BF4B-00C04F79EFBC}") = "Intro", "Intro\Intro.csproj", "{42BDB5C3-6689-4B69-9A31-9EAA8190C954}"
EndProject
Project("{FAE04EC0-301F-11D3-BF4B-00C04F79EFBC}") = "Switch", "Switch\Switch.csproj", "{836BECC9-A86D-46B6-9076-C52C1F12C096}"
EndProject
Project("{FAE04EC0-301F-11D3-BF4B-00C04F79EFBC}") = "CicloFor", "CicloFor\CicloFor.csproj", "{1E881C24-46E5-4E03-B9A0-960AA854A665}"
EndProject
Project("{FAE04EC0-301F-11D3-BF4B-00C04F79EFBC}") = "CicloWhile", "CicloWhile\CicloWhile.csproj", "{0D507643-B727-4BC7-89DA-7434F6447784}"
EndProject
Project("{FAE04EC0-301F-11D3-BF4B-00C04F79EFBC}") = "doWhile", "doWhile\doWhile.csproj", "{17AF6002-AAAE-428F-9CA6-C13902FDC4B4}"
EndProject
Project("{FAE04EC0-301F-11D3-BF4B-00C04F79EFBC}") = "NumeriRandom", "NumeriRandom\NumeriRandom.csproj", "{ADC39685-9646-44B9-8A08-25F7CA2748D6}"
EndProject
Project("{FAE04EC0-301F-11D3-BF4B-00C04F79EFBC}") = "Array", "Array\Array.csproj", "{C4317162-5E31-463A-AF75-8D2207B8404C}"
EndProject
Project("{FAE04EC0-301F-11D3-BF4B-00C04F79EFBC}") = "liste", "liste\liste.csproj", "{08F7BA3D-B5B3-4F83-A24E-3232F86640A6}"
EndProject
Project("{FAE04EC0-301F-11D3-BF4B-00C04F79EFBC}") = "metodi", "metodi\metodi.csproj", "{54A5CA10-D863-4946-9448-1AF69F6488DD}"
EndProject
Project("{FAE04EC0-301F-11D3-BF4B-00C04F79EFBC}") = "metodiEsercizi", "metodiEsercizi\metodiEsercizi.csproj", "{B76AF689-525E-475E-BEED-43F099F911E3}"
EndProject
Project("{FAE04EC0-301F-11D3-BF4B-00C04F79EFBC}") = "proprietàClassi", "proprietàClassi\proprietàClassi.csproj", "{E7162748-B71F-430D-BE93-FBC858C46F3A}"
EndProject
Project("{FAE04EC0-301F-11D3-BF4B-00C04F79EFBC}") = "Tombola", "Tombola\Tombola.csproj", "{ED2DEC16-D41D-405E-8D48-6A840B54C76A}"
EndProject
Project("{FAE04EC0-301F-11D3-BF4B-00C04F79EFBC}") = "SQL", "SQL\SQL.csproj", "{3E57E69D-5020-40D0-96CA-D95CB9E6B63C}"
EndProject
Project("{FAE04EC0-301F-11D3-BF4B-00C04F79EFBC}") = "SQL_esercizio", "SQL_esercizio\SQL_esercizio.csproj", "{BB8A89D7-8CF9-4DDC-B6EF-9E3509370D9E}"
EndProject
Project("{FAE04EC0-301F-11D3-BF4B-00C04F79EFBC}") = "SQL2", "SQL2\SQL2.csproj", "{977870BE-5E0F-4399-8BBE-2C8BEA4E2540}"
EndProject
Project("{FAE04EC0-301F-11D3-BF4B-00C04F79EFBC}") = "CSV", "CSV\CSV.csproj", "{8072911C-E383-4F13-BB6A-6F1DBCBE3124}"
EndProject
Project("{FAE04EC0-301F-11D3-BF4B-00C04F79EFBC}") = "JSON", "JSON\JSON.csproj", "{53B4C98B-3F84-4158-B466-82E04313126A}"
EndProject
Global
	GlobalSection(SolutionConfigurationPlatforms) = preSolution
		Debug|Any CPU = Debug|Any CPU
		Release|Any CPU = Release|Any CPU
	EndGlobalSection
	GlobalSection(ProjectConfigurationPlatforms) = postSolution
		{42BDB5C3-6689-4B69-9A31-9EAA8190C954}.Debug|Any CPU.ActiveCfg = Debug|Any CPU
		{42BDB5C3-6689-4B69-9A31-9EAA8190C954}.Debug|Any CPU.Build.0 = Debug|Any CPU
		{42BDB5C3-6689-4B69-9A31-9EAA8190C954}.Release|Any CPU.ActiveCfg = Release|Any CPU
		{42BDB5C3-6689-4B69-9A31-9EAA8190C954}.Release|Any CPU.Build.0 = Release|Any CPU
		{836BECC9-A86D-46B6-9076-C52C1F12C096}.Debug|Any CPU.ActiveCfg = Debug|Any CPU
		{836BECC9-A86D-46B6-9076-C52C1F12C096}.Debug|Any CPU.Build.0 = Debug|Any CPU
		{836BECC9-A86D-46B6-9076-C52C1F12C096}.Release|Any CPU.ActiveCfg = Release|Any CPU
		{836BECC9-A86D-46B6-9076-C52C1F12C096}.Release|Any CPU.Build.0 = Release|Any CPU
		{1E881C24-46E5-4E03-B9A0-960AA854A665}.Debug|Any CPU.ActiveCfg = Debug|Any CPU
		{1E881C24-46E5-4E03-B9A0-960AA854A665}.Debug|Any CPU.Build.0 = Debug|Any CPU
		{1E881C24-46E5-4E03-B9A0-960AA854A665}.Release|Any CPU.ActiveCfg = Release|Any CPU
		{1E881C24-46E5-4E03-B9A0-960AA854A665}.Release|Any CPU.Build.0 = Release|Any CPU
		{0D507643-B727-4BC7-89DA-7434F6447784}.Debug|Any CPU.ActiveCfg = Debug|Any CPU
		{0D507643-B727-4BC7-89DA-7434F6447784}.Debug|Any CPU.Build.0 = Debug|Any CPU
		{0D507643-B727-4BC7-89DA-7434F6447784}.Release|Any CPU.ActiveCfg = Release|Any CPU
		{0D507643-B727-4BC7-89DA-7434F6447784}.Release|Any CPU.Build.0 = Release|Any CPU
		{17AF6002-AAAE-428F-9CA6-C13902FDC4B4}.Debug|Any CPU.ActiveCfg = Debug|Any CPU
		{17AF6002-AAAE-428F-9CA6-C13902FDC4B4}.Debug|Any CPU.Build.0 = Debug|Any CPU
		{17AF6002-AAAE-428F-9CA6-C13902FDC4B4}.Release|Any CPU.ActiveCfg = Release|Any CPU
		{17AF6002-AAAE-428F-9CA6-C13902FDC4B4}.Release|Any CPU.Build.0 = Release|Any CPU
		{ADC39685-9646-44B9-8A08-25F7CA2748D6}.Debug|Any CPU.ActiveCfg = Debug|Any CPU
		{ADC39685-9646-44B9-8A08-25F7CA2748D6}.Debug|Any CPU.Build.0 = Debug|Any CPU
		{ADC39685-9646-44B9-8A08-25F7CA2748D6}.Release|Any CPU.ActiveCfg = Release|Any CPU
		{ADC39685-9646-44B9-8A08-25F7CA2748D6}.Release|Any CPU.Build.0 = Release|Any CPU
		{C4317162-5E31-463A-AF75-8D2207B8404C}.Debug|Any CPU.ActiveCfg = Debug|Any CPU
		{C4317162-5E31-463A-AF75-8D2207B8404C}.Debug|Any CPU.Build.0 = Debug|Any CPU
		{C4317162-5E31-463A-AF75-8D2207B8404C}.Release|Any CPU.ActiveCfg = Release|Any CPU
		{C4317162-5E31-463A-AF75-8D2207B8404C}.Release|Any CPU.Build.0 = Release|Any CPU
		{08F7BA3D-B5B3-4F83-A24E-3232F86640A6}.Debug|Any CPU.ActiveCfg = Debug|Any CPU
		{08F7BA3D-B5B3-4F83-A24E-3232F86640A6}.Debug|Any CPU.Build.0 = Debug|Any CPU
		{08F7BA3D-B5B3-4F83-A24E-3232F86640A6}.Release|Any CPU.ActiveCfg = Release|Any CPU
		{08F7BA3D-B5B3-4F83-A24E-3232F86640A6}.Release|Any CPU.Build.0 = Release|Any CPU
		{54A5CA10-D863-4946-9448-1AF69F6488DD}.Debug|Any CPU.ActiveCfg = Debug|Any CPU
		{54A5CA10-D863-4946-9448-1AF69F6488DD}.Debug|Any CPU.Build.0 = Debug|Any CPU
		{54A5CA10-D863-4946-9448-1AF69F6488DD}.Release|Any CPU.ActiveCfg = Release|Any CPU
		{54A5CA10-D863-4946-9448-1AF69F6488DD}.Release|Any CPU.Build.0 = Release|Any CPU
		{B76AF689-525E-475E-BEED-43F099F911E3}.Debug|Any CPU.ActiveCfg = Debug|Any CPU
		{B76AF689-525E-475E-BEED-43F099F911E3}.Debug|Any CPU.Build.0 = Debug|Any CPU
		{B76AF689-525E-475E-BEED-43F099F911E3}.Release|Any CPU.ActiveCfg = Release|Any CPU
		{B76AF689-525E-475E-BEED-43F099F911E3}.Release|Any CPU.Build.0 = Release|Any CPU
		{E7162748-B71F-430D-BE93-FBC858C46F3A}.Debug|Any CPU.ActiveCfg = Debug|Any CPU
		{E7162748-B71F-430D-BE93-FBC858C46F3A}.Debug|Any CPU.Build.0 = Debug|Any CPU
		{E7162748-B71F-430D-BE93-FBC858C46F3A}.Release|Any CPU.ActiveCfg = Release|Any CPU
		{E7162748-B71F-430D-BE93-FBC858C46F3A}.Release|Any CPU.Build.0 = Release|Any CPU
		{ED2DEC16-D41D-405E-8D48-6A840B54C76A}.Debug|Any CPU.ActiveCfg = Debug|Any CPU
		{ED2DEC16-D41D-405E-8D48-6A840B54C76A}.Debug|Any CPU.Build.0 = Debug|Any CPU
		{ED2DEC16-D41D-405E-8D48-6A840B54C76A}.Release|Any CPU.ActiveCfg = Release|Any CPU
		{ED2DEC16-D41D-405E-8D48-6A840B54C76A}.Release|Any CPU.Build.0 = Release|Any CPU
		{3E57E69D-5020-40D0-96CA-D95CB9E6B63C}.Debug|Any CPU.ActiveCfg = Debug|Any CPU
		{3E57E69D-5020-40D0-96CA-D95CB9E6B63C}.Debug|Any CPU.Build.0 = Debug|Any CPU
		{3E57E69D-5020-40D0-96CA-D95CB9E6B63C}.Release|Any CPU.ActiveCfg = Release|Any CPU
		{3E57E69D-5020-40D0-96CA-D95CB9E6B63C}.Release|Any CPU.Build.0 = Release|Any CPU
		{BB8A89D7-8CF9-4DDC-B6EF-9E3509370D9E}.Debug|Any CPU.ActiveCfg = Debug|Any CPU
		{BB8A89D7-8CF9-4DDC-B6EF-9E3509370D9E}.Debug|Any CPU.Build.0 = Debug|Any CPU
		{BB8A89D7-8CF9-4DDC-B6EF-9E3509370D9E}.Release|Any CPU.ActiveCfg = Release|Any CPU
		{BB8A89D7-8CF9-4DDC-B6EF-9E3509370D9E}.Release|Any CPU.Build.0 = Release|Any CPU
		{977870BE-5E0F-4399-8BBE-2C8BEA4E2540}.Debug|Any CPU.ActiveCfg = Debug|Any CPU
		{977870BE-5E0F-4399-8BBE-2C8BEA4E2540}.Debug|Any CPU.Build.0 = Debug|Any CPU
		{977870BE-5E0F-4399-8BBE-2C8BEA4E2540}.Release|Any CPU.ActiveCfg = Release|Any CPU
		{977870BE-5E0F-4399-8BBE-2C8BEA4E2540}.Release|Any CPU.Build.0 = Release|Any CPU
		{8072911C-E383-4F13-BB6A-6F1DBCBE3124}.Debug|Any CPU.ActiveCfg = Debug|Any CPU
		{8072911C-E383-4F13-BB6A-6F1DBCBE3124}.Debug|Any CPU.Build.0 = Debug|Any CPU
		{8072911C-E383-4F13-BB6A-6F1DBCBE3124}.Release|Any CPU.ActiveCfg = Release|Any CPU
		{8072911C-E383-4F13-BB6A-6F1DBCBE3124}.Release|Any CPU.Build.0 = Release|Any CPU
		{53B4C98B-3F84-4158-B466-82E04313126A}.Debug|Any CPU.ActiveCfg = Debug|Any CPU
		{53B4C98B-3F84-4158-B466-82E04313126A}.Debug|Any CPU.Build.0 = Debug|Any CPU
		{53B4C98B-3F84-4158-B466-82E04313126A}.Release|Any CPU.ActiveCfg = Release|Any CPU
		{53B4C98B-3F84-4158-B466-82E04313126A}.Release|Any CPU.Build.0 = Release|Any CPU
	EndGlobalSection
EndGlobal
